PODS:
  - pop (1.0.12)
  - PopBounceButton (1.2.2):
    - pop (~> 1.0)
  - Shuffle-iOS (0.1.0)

DEPENDENCIES:
  - PopBounceButton
  - Shuffle-iOS

SPEC REPOS:
  https://github.com/cocoapods/specs.git:
    - pop
    - PopBounceButton
    - Shuffle-iOS

SPEC CHECKSUMS:
  pop: d582054913807fd11fd50bfe6a539d91c7e1a55a
  PopBounceButton: 34105a012678222f058f8d2621672724a3d5c9fb
  Shuffle-iOS: d1b64066af844e075e97619f80cda10b9c0a04b0

PODFILE CHECKSUM: d9c8b3e08ac332cf0fb76d0f742362eed8be4ae1

COCOAPODS: 1.7.5
