// !$*UTF8*$!
{
	archiveVersion = 1;
	classes = {
	};
	objectVersion = 51;
	objects = {

/* Begin PBXBuildFile section */
		3FB70B1E508C08706BBCEC85 /* Pods_identaxy.framework in Frameworks */ = {isa = PBXBuildFile; fileRef = 2DD7EC5384D236CAC1269274 /* Pods_identaxy.framework */; };
		AB688CB523440E4A00CCDBB3 /* AppDelegate.swift in Sources */ = {isa = PBXBuildFile; fileRef = AB688CB423440E4A00CCDBB3 /* AppDelegate.swift */; };
		AB688CB723440E4A00CCDBB3 /* SceneDelegate.swift in Sources */ = {isa = PBXBuildFile; fileRef = AB688CB623440E4A00CCDBB3 /* SceneDelegate.swift */; };
		AB688CB923440E4A00CCDBB3 /* ViewController.swift in Sources */ = {isa = PBXBuildFile; fileRef = AB688CB823440E4A00CCDBB3 /* ViewController.swift */; };
		AB688CBC23440E4A00CCDBB3 /* Main.storyboard in Resources */ = {isa = PBXBuildFile; fileRef = AB688CBA23440E4A00CCDBB3 /* Main.storyboard */; };
		AB688CBE23440E4B00CCDBB3 /* Assets.xcassets in Resources */ = {isa = PBXBuildFile; fileRef = AB688CBD23440E4B00CCDBB3 /* Assets.xcassets */; };
		AB688CC123440E4B00CCDBB3 /* LaunchScreen.storyboard in Resources */ = {isa = PBXBuildFile; fileRef = AB688CBF23440E4B00CCDBB3 /* LaunchScreen.storyboard */; };
		AB730DB4234BFF48002EF58D /* Roboto-Regular.ttf in Resources */ = {isa = PBXBuildFile; fileRef = AB730DB3234BFF48002EF58D /* Roboto-Regular.ttf */; };
		ABD2CB90234BAA2B001161FD /* UIConstants.swift in Sources */ = {isa = PBXBuildFile; fileRef = ABD2CB8F234BAA2B001161FD /* UIConstants.swift */; };
		ABD2CB92234BAC2C001161FD /* RoundedCornerButton.swift in Sources */ = {isa = PBXBuildFile; fileRef = ABD2CB91234BAC2C001161FD /* RoundedCornerButton.swift */; };
/* End PBXBuildFile section */

/* Begin PBXFileReference section */
		2DD7EC5384D236CAC1269274 /* Pods_identaxy.framework */ = {isa = PBXFileReference; explicitFileType = wrapper.framework; includeInIndex = 0; path = Pods_identaxy.framework; sourceTree = BUILT_PRODUCTS_DIR; };
		9CE9FD0EF6D738EA07DBD77F /* Pods-identaxy.release.xcconfig */ = {isa = PBXFileReference; includeInIndex = 1; lastKnownFileType = text.xcconfig; name = "Pods-identaxy.release.xcconfig"; path = "Target Support Files/Pods-identaxy/Pods-identaxy.release.xcconfig"; sourceTree = "<group>"; };
		AB688CB123440E4A00CCDBB3 /* identaxy.app */ = {isa = PBXFileReference; explicitFileType = wrapper.application; includeInIndex = 0; path = identaxy.app; sourceTree = BUILT_PRODUCTS_DIR; };
		AB688CB423440E4A00CCDBB3 /* AppDelegate.swift */ = {isa = PBXFileReference; lastKnownFileType = sourcecode.swift; path = AppDelegate.swift; sourceTree = "<group>"; };
		AB688CB623440E4A00CCDBB3 /* SceneDelegate.swift */ = {isa = PBXFileReference; lastKnownFileType = sourcecode.swift; path = SceneDelegate.swift; sourceTree = "<group>"; };
		AB688CB823440E4A00CCDBB3 /* ViewController.swift */ = {isa = PBXFileReference; lastKnownFileType = sourcecode.swift; path = ViewController.swift; sourceTree = "<group>"; };
		AB688CBB23440E4A00CCDBB3 /* Base */ = {isa = PBXFileReference; lastKnownFileType = file.storyboard; name = Base; path = Base.lproj/Main.storyboard; sourceTree = "<group>"; };
		AB688CBD23440E4B00CCDBB3 /* Assets.xcassets */ = {isa = PBXFileReference; lastKnownFileType = folder.assetcatalog; path = Assets.xcassets; sourceTree = "<group>"; };
		AB688CC023440E4B00CCDBB3 /* Base */ = {isa = PBXFileReference; lastKnownFileType = file.storyboard; name = Base; path = Base.lproj/LaunchScreen.storyboard; sourceTree = "<group>"; };
		AB688CC223440E4B00CCDBB3 /* Info.plist */ = {isa = PBXFileReference; lastKnownFileType = text.plist.xml; path = Info.plist; sourceTree = "<group>"; };
		AB730DB3234BFF48002EF58D /* Roboto-Regular.ttf */ = {isa = PBXFileReference; lastKnownFileType = file; path = "Roboto-Regular.ttf"; sourceTree = "<group>"; };
		ABD2CB8F234BAA2B001161FD /* UIConstants.swift */ = {isa = PBXFileReference; lastKnownFileType = sourcecode.swift; path = UIConstants.swift; sourceTree = "<group>"; };
		ABD2CB91234BAC2C001161FD /* RoundedCornerButton.swift */ = {isa = PBXFileReference; lastKnownFileType = sourcecode.swift; path = RoundedCornerButton.swift; sourceTree = "<group>"; };
		FDBFB5679C15C396309A0BB7 /* Pods-identaxy.debug.xcconfig */ = {isa = PBXFileReference; includeInIndex = 1; lastKnownFileType = text.xcconfig; name = "Pods-identaxy.debug.xcconfig"; path = "Target Support Files/Pods-identaxy/Pods-identaxy.debug.xcconfig"; sourceTree = "<group>"; };
/* End PBXFileReference section */

/* Begin PBXFrameworksBuildPhase section */
		AB688CAE23440E4A00CCDBB3 /* Frameworks */ = {
			isa = PBXFrameworksBuildPhase;
			buildActionMask = 2147483647;
			files = (
				3FB70B1E508C08706BBCEC85 /* Pods_identaxy.framework in Frameworks */,
			);
			runOnlyForDeploymentPostprocessing = 0;
		};
/* End PBXFrameworksBuildPhase section */

/* Begin PBXGroup section */
		5A33E865855BC02AFE3CCE08 /* Pods */ = {
			isa = PBXGroup;
			children = (
				FDBFB5679C15C396309A0BB7 /* Pods-identaxy.debug.xcconfig */,
				9CE9FD0EF6D738EA07DBD77F /* Pods-identaxy.release.xcconfig */,
			);
			path = Pods;
			sourceTree = "<group>";
		};
		68E773580C39B5350FAD0AD0 /* Frameworks */ = {
			isa = PBXGroup;
			children = (
				2DD7EC5384D236CAC1269274 /* Pods_identaxy.framework */,
			);
			name = Frameworks;
			sourceTree = "<group>";
		};
		AB688CA823440E4A00CCDBB3 = {
			isa = PBXGroup;
			children = (
				AB688CB323440E4A00CCDBB3 /* identaxy */,
				AB688CB223440E4A00CCDBB3 /* Products */,
				5A33E865855BC02AFE3CCE08 /* Pods */,
				68E773580C39B5350FAD0AD0 /* Frameworks */,
			);
			sourceTree = "<group>";
		};
		AB688CB223440E4A00CCDBB3 /* Products */ = {
			isa = PBXGroup;
			children = (
				AB688CB123440E4A00CCDBB3 /* identaxy.app */,
			);
			name = Products;
			sourceTree = "<group>";
		};
		AB688CB323440E4A00CCDBB3 /* identaxy */ = {
			isa = PBXGroup;
			children = (
				AB730DB2234BFF37002EF58D /* Fonts */,
				ABD2CB8F234BAA2B001161FD /* UIConstants.swift */,
				ABD2CB91234BAC2C001161FD /* RoundedCornerButton.swift */,
				AB688CB423440E4A00CCDBB3 /* AppDelegate.swift */,
				AB688CB623440E4A00CCDBB3 /* SceneDelegate.swift */,
				AB688CB823440E4A00CCDBB3 /* ViewController.swift */,
				AB688CBA23440E4A00CCDBB3 /* Main.storyboard */,
				AB688CBD23440E4B00CCDBB3 /* Assets.xcassets */,
				AB688CBF23440E4B00CCDBB3 /* LaunchScreen.storyboard */,
				AB688CC223440E4B00CCDBB3 /* Info.plist */,
			);
			path = identaxy;
			sourceTree = "<group>";
		};
		AB730DB2234BFF37002EF58D /* Fonts */ = {
			isa = PBXGroup;
			children = (
				AB730DB3234BFF48002EF58D /* Roboto-Regular.ttf */,
			);
			path = Fonts;
			sourceTree = "<group>";
		};
/* End PBXGroup section */

/* Begin PBXNativeTarget section */
		AB688CB023440E4A00CCDBB3 /* identaxy */ = {
			isa = PBXNativeTarget;
			buildConfigurationList = AB688CC523440E4B00CCDBB3 /* Build configuration list for PBXNativeTarget "identaxy" */;
			buildPhases = (
				C544AD3F9D0A12C2E2CD9A22 /* [CP] Check Pods Manifest.lock */,
				AB688CAD23440E4A00CCDBB3 /* Sources */,
				AB688CAE23440E4A00CCDBB3 /* Frameworks */,
				AB688CAF23440E4A00CCDBB3 /* Resources */,
				09B5C84AD70536A324136C6B /* [CP] Embed Pods Frameworks */,
			);
			buildRules = (
			);
			dependencies = (
			);
			name = identaxy;
			productName = identaxy;
			productReference = AB688CB123440E4A00CCDBB3 /* identaxy.app */;
			productType = "com.apple.product-type.application";
		};
/* End PBXNativeTarget section */

/* Begin PBXProject section */
		AB688CA923440E4A00CCDBB3 /* Project object */ = {
			isa = PBXProject;
			attributes = {
				LastSwiftUpdateCheck = 1100;
				LastUpgradeCheck = 1100;
				ORGANIZATIONNAME = amir;
				TargetAttributes = {
					AB688CB023440E4A00CCDBB3 = {
						CreatedOnToolsVersion = 11.0;
					};
				};
			};
			buildConfigurationList = AB688CAC23440E4A00CCDBB3 /* Build configuration list for PBXProject "identaxy" */;
			compatibilityVersion = "Xcode 9.3";
			developmentRegion = en;
			hasScannedForEncodings = 0;
			knownRegions = (
				en,
				Base,
			);
			mainGroup = AB688CA823440E4A00CCDBB3;
			productRefGroup = AB688CB223440E4A00CCDBB3 /* Products */;
			projectDirPath = "";
			projectRoot = "";
			targets = (
				AB688CB023440E4A00CCDBB3 /* identaxy */,
			);
		};
/* End PBXProject section */

/* Begin PBXResourcesBuildPhase section */
		AB688CAF23440E4A00CCDBB3 /* Resources */ = {
			isa = PBXResourcesBuildPhase;
			buildActionMask = 2147483647;
			files = (
				AB688CC123440E4B00CCDBB3 /* LaunchScreen.storyboard in Resources */,
				AB688CBE23440E4B00CCDBB3 /* Assets.xcassets in Resources */,
				AB730DB4234BFF48002EF58D /* Roboto-Regular.ttf in Resources */,
				AB688CBC23440E4A00CCDBB3 /* Main.storyboard in Resources */,
			);
			runOnlyForDeploymentPostprocessing = 0;
		};
/* End PBXResourcesBuildPhase section */

/* Begin PBXShellScriptBuildPhase section */
		09B5C84AD70536A324136C6B /* [CP] Embed Pods Frameworks */ = {
			isa = PBXShellScriptBuildPhase;
			buildActionMask = 2147483647;
			files = (
			);
			inputFileListPaths = (
				"${PODS_ROOT}/Target Support Files/Pods-identaxy/Pods-identaxy-frameworks-${CONFIGURATION}-input-files.xcfilelist",
			);
			name = "[CP] Embed Pods Frameworks";
			outputFileListPaths = (
				"${PODS_ROOT}/Target Support Files/Pods-identaxy/Pods-identaxy-frameworks-${CONFIGURATION}-output-files.xcfilelist",
			);
			runOnlyForDeploymentPostprocessing = 0;
			shellPath = /bin/sh;
			shellScript = "\"${PODS_ROOT}/Target Support Files/Pods-identaxy/Pods-identaxy-frameworks.sh\"\n";
			showEnvVarsInLog = 0;
		};
		C544AD3F9D0A12C2E2CD9A22 /* [CP] Check Pods Manifest.lock */ = {
			isa = PBXShellScriptBuildPhase;
			buildActionMask = 2147483647;
			files = (
			);
			inputFileListPaths = (
			);
			inputPaths = (
				"${PODS_PODFILE_DIR_PATH}/Podfile.lock",
				"${PODS_ROOT}/Manifest.lock",
			);
			name = "[CP] Check Pods Manifest.lock";
			outputFileListPaths = (
			);
			outputPaths = (
				"$(DERIVED_FILE_DIR)/Pods-identaxy-checkManifestLockResult.txt",
			);
			runOnlyForDeploymentPostprocessing = 0;
			shellPath = /bin/sh;
			shellScript = "diff \"${PODS_PODFILE_DIR_PATH}/Podfile.lock\" \"${PODS_ROOT}/Manifest.lock\" > /dev/null\nif [ $? != 0 ] ; then\n    # print error to STDERR\n    echo \"error: The sandbox is not in sync with the Podfile.lock. Run 'pod install' or update your CocoaPods installation.\" >&2\n    exit 1\nfi\n# This output is used by Xcode 'outputs' to avoid re-running this script phase.\necho \"SUCCESS\" > \"${SCRIPT_OUTPUT_FILE_0}\"\n";
			showEnvVarsInLog = 0;
		};
/* End PBXShellScriptBuildPhase section */

/* Begin PBXSourcesBuildPhase section */
		AB688CAD23440E4A00CCDBB3 /* Sources */ = {
			isa = PBXSourcesBuildPhase;
			buildActionMask = 2147483647;
			files = (
				ABD2CB90234BAA2B001161FD /* UIConstants.swift in Sources */,
				AB688CB923440E4A00CCDBB3 /* ViewController.swift in Sources */,
				AB688CB523440E4A00CCDBB3 /* AppDelegate.swift in Sources */,
				ABD2CB92234BAC2C001161FD /* RoundedCornerButton.swift in Sources */,
				AB688CB723440E4A00CCDBB3 /* SceneDelegate.swift in Sources */,
			);
			runOnlyForDeploymentPostprocessing = 0;
		};
/* End PBXSourcesBuildPhase section */

/* Begin PBXVariantGroup section */
		AB688CBA23440E4A00CCDBB3 /* Main.storyboard */ = {
			isa = PBXVariantGroup;
			children = (
				AB688CBB23440E4A00CCDBB3 /* Base */,
			);
			name = Main.storyboard;
			sourceTree = "<group>";
		};
		AB688CBF23440E4B00CCDBB3 /* LaunchScreen.storyboard */ = {
			isa = PBXVariantGroup;
			children = (
				AB688CC023440E4B00CCDBB3 /* Base */,
			);
			name = LaunchScreen.storyboard;
			sourceTree = "<group>";
		};
/* End PBXVariantGroup section */

/* Begin XCBuildConfiguration section */
		AB688CC323440E4B00CCDBB3 /* Debug */ = {
			isa = XCBuildConfiguration;
			buildSettings = {
				ALWAYS_SEARCH_USER_PATHS = NO;
				CLANG_ANALYZER_NONNULL = YES;
				CLANG_ANALYZER_NUMBER_OBJECT_CONVERSION = YES_AGGRESSIVE;
				CLANG_CXX_LANGUAGE_STANDARD = "gnu++14";
				CLANG_CXX_LIBRARY = "libc++";
				CLANG_ENABLE_MODULES = YES;
				CLANG_ENABLE_OBJC_ARC = YES;
				CLANG_ENABLE_OBJC_WEAK = YES;
				CLANG_WARN_BLOCK_CAPTURE_AUTORELEASING = YES;
				CLANG_WARN_BOOL_CONVERSION = YES;
				CLANG_WARN_COMMA = YES;
				CLANG_WARN_CONSTANT_CONVERSION = YES;
				CLANG_WARN_DEPRECATED_OBJC_IMPLEMENTATIONS = YES;
				CLANG_WARN_DIRECT_OBJC_ISA_USAGE = YES_ERROR;
				CLANG_WARN_DOCUMENTATION_COMMENTS = YES;
				CLANG_WARN_EMPTY_BODY = YES;
				CLANG_WARN_ENUM_CONVERSION = YES;
				CLANG_WARN_INFINITE_RECURSION = YES;
				CLANG_WARN_INT_CONVERSION = YES;
				CLANG_WARN_NON_LITERAL_NULL_CONVERSION = YES;
				CLANG_WARN_OBJC_IMPLICIT_RETAIN_SELF = YES;
				CLANG_WARN_OBJC_LITERAL_CONVERSION = YES;
				CLANG_WARN_OBJC_ROOT_CLASS = YES_ERROR;
				CLANG_WARN_RANGE_LOOP_ANALYSIS = YES;
				CLANG_WARN_STRICT_PROTOTYPES = YES;
				CLANG_WARN_SUSPICIOUS_MOVE = YES;
				CLANG_WARN_UNGUARDED_AVAILABILITY = YES_AGGRESSIVE;
				CLANG_WARN_UNREACHABLE_CODE = YES;
				CLANG_WARN__DUPLICATE_METHOD_MATCH = YES;
				COPY_PHASE_STRIP = NO;
				DEBUG_INFORMATION_FORMAT = dwarf;
				ENABLE_STRICT_OBJC_MSGSEND = YES;
				ENABLE_TESTABILITY = YES;
				GCC_C_LANGUAGE_STANDARD = gnu11;
				GCC_DYNAMIC_NO_PIC = NO;
				GCC_NO_COMMON_BLOCKS = YES;
				GCC_OPTIMIZATION_LEVEL = 0;
				GCC_PREPROCESSOR_DEFINITIONS = (
					"DEBUG=1",
					"$(inherited)",
				);
				GCC_WARN_64_TO_32_BIT_CONVERSION = YES;
				GCC_WARN_ABOUT_RETURN_TYPE = YES_ERROR;
				GCC_WARN_UNDECLARED_SELECTOR = YES;
				GCC_WARN_UNINITIALIZED_AUTOS = YES_AGGRESSIVE;
				GCC_WARN_UNUSED_FUNCTION = YES;
				GCC_WARN_UNUSED_VARIABLE = YES;
				IPHONEOS_DEPLOYMENT_TARGET = 13.0;
				MTL_ENABLE_DEBUG_INFO = INCLUDE_SOURCE;
				MTL_FAST_MATH = YES;
				ONLY_ACTIVE_ARCH = YES;
				SDKROOT = iphoneos;
				SWIFT_ACTIVE_COMPILATION_CONDITIONS = DEBUG;
				SWIFT_OPTIMIZATION_LEVEL = "-Onone";
			};
			name = Debug;
		};
		AB688CC423440E4B00CCDBB3 /* Release */ = {
			isa = XCBuildConfiguration;
			buildSettings = {
				ALWAYS_SEARCH_USER_PATHS = NO;
				CLANG_ANALYZER_NONNULL = YES;
				CLANG_ANALYZER_NUMBER_OBJECT_CONVERSION = YES_AGGRESSIVE;
				CLANG_CXX_LANGUAGE_STANDARD = "gnu++14";
				CLANG_CXX_LIBRARY = "libc++";
				CLANG_ENABLE_MODULES = YES;
				CLANG_ENABLE_OBJC_ARC = YES;
				CLANG_ENABLE_OBJC_WEAK = YES;
				CLANG_WARN_BLOCK_CAPTURE_AUTORELEASING = YES;
				CLANG_WARN_BOOL_CONVERSION = YES;
				CLANG_WARN_COMMA = YES;
				CLANG_WARN_CONSTANT_CONVERSION = YES;
				CLANG_WARN_DEPRECATED_OBJC_IMPLEMENTATIONS = YES;
				CLANG_WARN_DIRECT_OBJC_ISA_USAGE = YES_ERROR;
				CLANG_WARN_DOCUMENTATION_COMMENTS = YES;
				CLANG_WARN_EMPTY_BODY = YES;
				CLANG_WARN_ENUM_CONVERSION = YES;
				CLANG_WARN_INFINITE_RECURSION = YES;
				CLANG_WARN_INT_CONVERSION = YES;
				CLANG_WARN_NON_LITERAL_NULL_CONVERSION = YES;
				CLANG_WARN_OBJC_IMPLICIT_RETAIN_SELF = YES;
				CLANG_WARN_OBJC_LITERAL_CONVERSION = YES;
				CLANG_WARN_OBJC_ROOT_CLASS = YES_ERROR;
				CLANG_WARN_RANGE_LOOP_ANALYSIS = YES;
				CLANG_WARN_STRICT_PROTOTYPES = YES;
				CLANG_WARN_SUSPICIOUS_MOVE = YES;
				CLANG_WARN_UNGUARDED_AVAILABILITY = YES_AGGRESSIVE;
				CLANG_WARN_UNREACHABLE_CODE = YES;
				CLANG_WARN__DUPLICATE_METHOD_MATCH = YES;
				COPY_PHASE_STRIP = NO;
				DEBUG_INFORMATION_FORMAT = "dwarf-with-dsym";
				ENABLE_NS_ASSERTIONS = NO;
				ENABLE_STRICT_OBJC_MSGSEND = YES;
				GCC_C_LANGUAGE_STANDARD = gnu11;
				GCC_NO_COMMON_BLOCKS = YES;
				GCC_WARN_64_TO_32_BIT_CONVERSION = YES;
				GCC_WARN_ABOUT_RETURN_TYPE = YES_ERROR;
				GCC_WARN_UNDECLARED_SELECTOR = YES;
				GCC_WARN_UNINITIALIZED_AUTOS = YES_AGGRESSIVE;
				GCC_WARN_UNUSED_FUNCTION = YES;
				GCC_WARN_UNUSED_VARIABLE = YES;
				IPHONEOS_DEPLOYMENT_TARGET = 13.0;
				MTL_ENABLE_DEBUG_INFO = NO;
				MTL_FAST_MATH = YES;
				SDKROOT = iphoneos;
				SWIFT_COMPILATION_MODE = wholemodule;
				SWIFT_OPTIMIZATION_LEVEL = "-O";
				VALIDATE_PRODUCT = YES;
			};
			name = Release;
		};
		AB688CC623440E4B00CCDBB3 /* Debug */ = {
			isa = XCBuildConfiguration;
			baseConfigurationReference = FDBFB5679C15C396309A0BB7 /* Pods-identaxy.debug.xcconfig */;
			buildSettings = {
				ASSETCATALOG_COMPILER_APPICON_NAME = AppIcon;
				CODE_SIGN_STYLE = Automatic;
				DEVELOPMENT_TEAM = 6MA2KXXMWD;
				INFOPLIST_FILE = identaxy/Info.plist;
				LD_RUNPATH_SEARCH_PATHS = (
					"$(inherited)",
					"@executable_path/Frameworks",
				);
				PRODUCT_BUNDLE_IDENTIFIER = com.amir.identaxy;
				PRODUCT_NAME = "$(TARGET_NAME)";
				SWIFT_VERSION = 5.0;
				TARGETED_DEVICE_FAMILY = "1,2";
			};
			name = Debug;
		};
		AB688CC723440E4B00CCDBB3 /* Release */ = {
			isa = XCBuildConfiguration;
			baseConfigurationReference = 9CE9FD0EF6D738EA07DBD77F /* Pods-identaxy.release.xcconfig */;
			buildSettings = {
				ASSETCATALOG_COMPILER_APPICON_NAME = AppIcon;
				CODE_SIGN_STYLE = Automatic;
				DEVELOPMENT_TEAM = 6MA2KXXMWD;
				INFOPLIST_FILE = identaxy/Info.plist;
				LD_RUNPATH_SEARCH_PATHS = (
					"$(inherited)",
					"@executable_path/Frameworks",
				);
				PRODUCT_BUNDLE_IDENTIFIER = com.amir.identaxy;
				PRODUCT_NAME = "$(TARGET_NAME)";
				SWIFT_VERSION = 5.0;
				TARGETED_DEVICE_FAMILY = "1,2";
			};
			name = Release;
		};
/* End XCBuildConfiguration section */

/* Begin XCConfigurationList section */
		AB688CAC23440E4A00CCDBB3 /* Build configuration list for PBXProject "identaxy" */ = {
			isa = XCConfigurationList;
			buildConfigurations = (
				AB688CC323440E4B00CCDBB3 /* Debug */,
				AB688CC423440E4B00CCDBB3 /* Release */,
			);
			defaultConfigurationIsVisible = 0;
			defaultConfigurationName = Release;
		};
		AB688CC523440E4B00CCDBB3 /* Build configuration list for PBXNativeTarget "identaxy" */ = {
			isa = XCConfigurationList;
			buildConfigurations = (
				AB688CC623440E4B00CCDBB3 /* Debug */,
				AB688CC723440E4B00CCDBB3 /* Release */,
			);
			defaultConfigurationIsVisible = 0;
			defaultConfigurationName = Release;
		};
/* End XCConfigurationList section */
	};
	rootObject = AB688CA923440E4A00CCDBB3 /* Project object */;
}
